// !$*UTF8*$!
{
	archiveVersion = 1;
	classes = {
	};
	objectVersion = 77;
	objects = {

/* Begin PBXContainerItemProxy section */
		653C4AE72D624764007FD0A2 /* PBXContainerItemProxy */ = {
			isa = PBXContainerItemProxy;
			containerPortal = 653C4ACE2D624763007FD0A2 /* Project object */;
			proxyType = 1;
			remoteGlobalIDString = 653C4AD52D624763007FD0A2;
			remoteInfo = "gabber-chat-ios";
		};
		653C4AF12D624764007FD0A2 /* PBXContainerItemProxy */ = {
			isa = PBXContainerItemProxy;
			containerPortal = 653C4ACE2D624763007FD0A2 /* Project object */;
			proxyType = 1;
			remoteGlobalIDString = 653C4AD52D624763007FD0A2;
			remoteInfo = "gabber-chat-ios";
		};
/* End PBXContainerItemProxy section */

/* Begin PBXFileReference section */
		653C4AD62D624763007FD0A2 /* gabber-chat-ios.app */ = {isa = PBXFileReference; explicitFileType = wrapper.application; includeInIndex = 0; path = "gabber-chat-ios.app"; sourceTree = BUILT_PRODUCTS_DIR; };
		653C4AE62D624764007FD0A2 /* gabber-chat-iosTests.xctest */ = {isa = PBXFileReference; explicitFileType = wrapper.cfbundle; includeInIndex = 0; path = "gabber-chat-iosTests.xctest"; sourceTree = BUILT_PRODUCTS_DIR; };
		653C4AF02D624764007FD0A2 /* gabber-chat-iosUITests.xctest */ = {isa = PBXFileReference; explicitFileType = wrapper.cfbundle; includeInIndex = 0; path = "gabber-chat-iosUITests.xctest"; sourceTree = BUILT_PRODUCTS_DIR; };
/* End PBXFileReference section */

/* Begin PBXFileSystemSynchronizedRootGroup section */
		653C4AD82D624763007FD0A2 /* gabber-chat-ios */ = {
			isa = PBXFileSystemSynchronizedRootGroup;
			path = "gabber-chat-ios";
			sourceTree = "<group>";
		};
		653C4AE92D624764007FD0A2 /* gabber-chat-iosTests */ = {
			isa = PBXFileSystemSynchronizedRootGroup;
			path = "gabber-chat-iosTests";
			sourceTree = "<group>";
		};
		653C4AF32D624764007FD0A2 /* gabber-chat-iosUITests */ = {
			isa = PBXFileSystemSynchronizedRootGroup;
			path = "gabber-chat-iosUITests";
			sourceTree = "<group>";
		};
/* End PBXFileSystemSynchronizedRootGroup section */

/* Begin PBXFrameworksBuildPhase section */
		653C4AD32D624763007FD0A2 /* Frameworks */ = {
			isa = PBXFrameworksBuildPhase;
			buildActionMask = 2147483647;
			files = (
			);
			runOnlyForDeploymentPostprocessing = 0;
		};
		653C4AE32D624764007FD0A2 /* Frameworks */ = {
			isa = PBXFrameworksBuildPhase;
			buildActionMask = 2147483647;
			files = (
			);
			runOnlyForDeploymentPostprocessing = 0;
		};
		653C4AED2D624764007FD0A2 /* Frameworks */ = {
			isa = PBXFrameworksBuildPhase;
			buildActionMask = 2147483647;
			files = (
			);
			runOnlyForDeploymentPostprocessing = 0;
		};
/* End PBXFrameworksBuildPhase section */

/* Begin PBXGroup section */
		653C4ACD2D624763007FD0A2 = {
			isa = PBXGroup;
			children = (
				653C4AD82D624763007FD0A2 /* gabber-chat-ios */,
				653C4AE92D624764007FD0A2 /* gabber-chat-iosTests */,
				653C4AF32D624764007FD0A2 /* gabber-chat-iosUITests */,
				653C4AD72D624763007FD0A2 /* Products */,
			);
			sourceTree = "<group>";
		};
		653C4AD72D624763007FD0A2 /* Products */ = {
			isa = PBXGroup;
			children = (
				653C4AD62D624763007FD0A2 /* gabber-chat-ios.app */,
				653C4AE62D624764007FD0A2 /* gabber-chat-iosTests.xctest */,
				653C4AF02D624764007FD0A2 /* gabber-chat-iosUITests.xctest */,
			);
			name = Products;
			sourceTree = "<group>";
		};
/* End PBXGroup section */

/* Begin PBXNativeTarget section */
		653C4AD52D624763007FD0A2 /* gabber-chat-ios */ = {
			isa = PBXNativeTarget;
			buildConfigurationList = 653C4AFA2D624764007FD0A2 /* Build configuration list for PBXNativeTarget "gabber-chat-ios" */;
			buildPhases = (
				653C4AD22D624763007FD0A2 /* Sources */,
				653C4AD32D624763007FD0A2 /* Frameworks */,
				653C4AD42D624763007FD0A2 /* Resources */,
			);
			buildRules = (
			);
			dependencies = (
			);
			fileSystemSynchronizedGroups = (
				653C4AD82D624763007FD0A2 /* gabber-chat-ios */,
			);
			name = "gabber-chat-ios";
			packageProductDependencies = (
			);
			productName = "gabber-chat-ios";
			productReference = 653C4AD62D624763007FD0A2 /* gabber-chat-ios.app */;
			productType = "com.apple.product-type.application";
		};
		653C4AE52D624764007FD0A2 /* gabber-chat-iosTests */ = {
			isa = PBXNativeTarget;
			buildConfigurationList = 653C4AFD2D624764007FD0A2 /* Build configuration list for PBXNativeTarget "gabber-chat-iosTests" */;
			buildPhases = (
				653C4AE22D624764007FD0A2 /* Sources */,
				653C4AE32D624764007FD0A2 /* Frameworks */,
				653C4AE42D624764007FD0A2 /* Resources */,
			);
			buildRules = (
			);
			dependencies = (
				653C4AE82D624764007FD0A2 /* PBXTargetDependency */,
			);
			fileSystemSynchronizedGroups = (
				653C4AE92D624764007FD0A2 /* gabber-chat-iosTests */,
			);
			name = "gabber-chat-iosTests";
			packageProductDependencies = (
			);
			productName = "gabber-chat-iosTests";
			productReference = 653C4AE62D624764007FD0A2 /* gabber-chat-iosTests.xctest */;
			productType = "com.apple.product-type.bundle.unit-test";
		};
		653C4AEF2D624764007FD0A2 /* gabber-chat-iosUITests */ = {
			isa = PBXNativeTarget;
			buildConfigurationList = 653C4B002D624764007FD0A2 /* Build configuration list for PBXNativeTarget "gabber-chat-iosUITests" */;
			buildPhases = (
				653C4AEC2D624764007FD0A2 /* Sources */,
				653C4AED2D624764007FD0A2 /* Frameworks */,
				653C4AEE2D624764007FD0A2 /* Resources */,
			);
			buildRules = (
			);
			dependencies = (
				653C4AF22D624764007FD0A2 /* PBXTargetDependency */,
			);
			fileSystemSynchronizedGroups = (
				653C4AF32D624764007FD0A2 /* gabber-chat-iosUITests */,
			);
			name = "gabber-chat-iosUITests";
			packageProductDependencies = (
			);
			productName = "gabber-chat-iosUITests";
			productReference = 653C4AF02D624764007FD0A2 /* gabber-chat-iosUITests.xctest */;
			productType = "com.apple.product-type.bundle.ui-testing";
		};
/* End PBXNativeTarget section */

/* Begin PBXProject section */
		653C4ACE2D624763007FD0A2 /* Project object */ = {
			isa = PBXProject;
			attributes = {
				BuildIndependentTargetsInParallel = 1;
				LastSwiftUpdateCheck = 1600;
				LastUpgradeCheck = 1600;
				TargetAttributes = {
					653C4AD52D624763007FD0A2 = {
						CreatedOnToolsVersion = 16.0;
					};
					653C4AE52D624764007FD0A2 = {
						CreatedOnToolsVersion = 16.0;
						TestTargetID = 653C4AD52D624763007FD0A2;
					};
					653C4AEF2D624764007FD0A2 = {
						CreatedOnToolsVersion = 16.0;
						TestTargetID = 653C4AD52D624763007FD0A2;
					};
				};
			};
			buildConfigurationList = 653C4AD12D624763007FD0A2 /* Build configuration list for PBXProject "gabber-chat-ios" */;
			developmentRegion = en;
			hasScannedForEncodings = 0;
			knownRegions = (
				en,
				Base,
			);
			mainGroup = 653C4ACD2D624763007FD0A2;
			minimizedProjectReferenceProxies = 1;
			preferredProjectObjectVersion = 77;
			productRefGroup = 653C4AD72D624763007FD0A2 /* Products */;
			projectDirPath = "";
			projectRoot = "";
			targets = (
				653C4AD52D624763007FD0A2 /* gabber-chat-ios */,
				653C4AE52D624764007FD0A2 /* gabber-chat-iosTests */,
				653C4AEF2D624764007FD0A2 /* gabber-chat-iosUITests */,
			);
		};
/* End PBXProject section */

/* Begin PBXResourcesBuildPhase section */
		653C4AD42D624763007FD0A2 /* Resources */ = {
			isa = PBXResourcesBuildPhase;
			buildActionMask = 2147483647;
			files = (
			);
			runOnlyForDeploymentPostprocessing = 0;
		};
		653C4AE42D624764007FD0A2 /* Resources */ = {
			isa = PBXResourcesBuildPhase;
			buildActionMask = 2147483647;
			files = (
			);
			runOnlyForDeploymentPostprocessing = 0;
		};
		653C4AEE2D624764007FD0A2 /* Resources */ = {
			isa = PBXResourcesBuildPhase;
			buildActionMask = 2147483647;
			files = (
			);
			runOnlyForDeploymentPostprocessing = 0;
		};
/* End PBXResourcesBuildPhase section */

/* Begin PBXSourcesBuildPhase section */
		653C4AD22D624763007FD0A2 /* Sources */ = {
			isa = PBXSourcesBuildPhase;
			buildActionMask = 2147483647;
			files = (
			);
			runOnlyForDeploymentPostprocessing = 0;
		};
		653C4AE22D624764007FD0A2 /* Sources */ = {
			isa = PBXSourcesBuildPhase;
			buildActionMask = 2147483647;
			files = (
			);
			runOnlyForDeploymentPostprocessing = 0;
		};
		653C4AEC2D624764007FD0A2 /* Sources */ = {
			isa = PBXSourcesBuildPhase;
			buildActionMask = 2147483647;
			files = (
			);
			runOnlyForDeploymentPostprocessing = 0;
		};
/* End PBXSourcesBuildPhase section */

/* Begin PBXTargetDependency section */
		653C4AE82D624764007FD0A2 /* PBXTargetDependency */ = {
			isa = PBXTargetDependency;
			target = 653C4AD52D624763007FD0A2 /* gabber-chat-ios */;
			targetProxy = 653C4AE72D624764007FD0A2 /* PBXContainerItemProxy */;
		};
		653C4AF22D624764007FD0A2 /* PBXTargetDependency */ = {
			isa = PBXTargetDependency;
			target = 653C4AD52D624763007FD0A2 /* gabber-chat-ios */;
			targetProxy = 653C4AF12D624764007FD0A2 /* PBXContainerItemProxy */;
		};
/* End PBXTargetDependency section */

/* Begin XCBuildConfiguration section */
		653C4AF82D624764007FD0A2 /* Debug */ = {
			isa = XCBuildConfiguration;
			buildSettings = {
				ALWAYS_SEARCH_USER_PATHS = NO;
				ASSETCATALOG_COMPILER_GENERATE_SWIFT_ASSET_SYMBOL_EXTENSIONS = YES;
				CLANG_ANALYZER_NONNULL = YES;
				CLANG_ANALYZER_NUMBER_OBJECT_CONVERSION = YES_AGGRESSIVE;
				CLANG_CXX_LANGUAGE_STANDARD = "gnu++20";
				CLANG_ENABLE_MODULES = YES;
				CLANG_ENABLE_OBJC_ARC = YES;
				CLANG_ENABLE_OBJC_WEAK = YES;
				CLANG_WARN_BLOCK_CAPTURE_AUTORELEASING = YES;
				CLANG_WARN_BOOL_CONVERSION = YES;
				CLANG_WARN_COMMA = YES;
				CLANG_WARN_CONSTANT_CONVERSION = YES;
				CLANG_WARN_DEPRECATED_OBJC_IMPLEMENTATIONS = YES;
				CLANG_WARN_DIRECT_OBJC_ISA_USAGE = YES_ERROR;
				CLANG_WARN_DOCUMENTATION_COMMENTS = YES;
				CLANG_WARN_EMPTY_BODY = YES;
				CLANG_WARN_ENUM_CONVERSION = YES;
				CLANG_WARN_INFINITE_RECURSION = YES;
				CLANG_WARN_INT_CONVERSION = YES;
				CLANG_WARN_NON_LITERAL_NULL_CONVERSION = YES;
				CLANG_WARN_OBJC_IMPLICIT_RETAIN_SELF = YES;
				CLANG_WARN_OBJC_LITERAL_CONVERSION = YES;
				CLANG_WARN_OBJC_ROOT_CLASS = YES_ERROR;
				CLANG_WARN_QUOTED_INCLUDE_IN_FRAMEWORK_HEADER = YES;
				CLANG_WARN_RANGE_LOOP_ANALYSIS = YES;
				CLANG_WARN_STRICT_PROTOTYPES = YES;
				CLANG_WARN_SUSPICIOUS_MOVE = YES;
				CLANG_WARN_UNGUARDED_AVAILABILITY = YES_AGGRESSIVE;
				CLANG_WARN_UNREACHABLE_CODE = YES;
				CLANG_WARN__DUPLICATE_METHOD_MATCH = YES;
				COPY_PHASE_STRIP = NO;
				DEBUG_INFORMATION_FORMAT = dwarf;
				ENABLE_STRICT_OBJC_MSGSEND = YES;
				ENABLE_TESTABILITY = YES;
				ENABLE_USER_SCRIPT_SANDBOXING = YES;
				GCC_C_LANGUAGE_STANDARD = gnu17;
				GCC_DYNAMIC_NO_PIC = NO;
				GCC_NO_COMMON_BLOCKS = YES;
				GCC_OPTIMIZATION_LEVEL = 0;
				GCC_PREPROCESSOR_DEFINITIONS = (
					"DEBUG=1",
					"$(inherited)",
				);
				GCC_WARN_64_TO_32_BIT_CONVERSION = YES;
				GCC_WARN_ABOUT_RETURN_TYPE = YES_ERROR;
				GCC_WARN_UNDECLARED_SELECTOR = YES;
				GCC_WARN_UNINITIALIZED_AUTOS = YES_AGGRESSIVE;
				GCC_WARN_UNUSED_FUNCTION = YES;
				GCC_WARN_UNUSED_VARIABLE = YES;
				IPHONEOS_DEPLOYMENT_TARGET = 18.0;
				LOCALIZATION_PREFERS_STRING_CATALOGS = YES;
				MTL_ENABLE_DEBUG_INFO = INCLUDE_SOURCE;
				MTL_FAST_MATH = YES;
				ONLY_ACTIVE_ARCH = YES;
				SDKROOT = iphoneos;
				SWIFT_ACTIVE_COMPILATION_CONDITIONS = "DEBUG $(inherited)";
				SWIFT_OPTIMIZATION_LEVEL = "-Onone";
			};
			name = Debug;
		};
		653C4AF92D624764007FD0A2 /* Release */ = {
			isa = XCBuildConfiguration;
			buildSettings = {
				ALWAYS_SEARCH_USER_PATHS = NO;
				ASSETCATALOG_COMPILER_GENERATE_SWIFT_ASSET_SYMBOL_EXTENSIONS = YES;
				CLANG_ANALYZER_NONNULL = YES;
				CLANG_ANALYZER_NUMBER_OBJECT_CONVERSION = YES_AGGRESSIVE;
				CLANG_CXX_LANGUAGE_STANDARD = "gnu++20";
				CLANG_ENABLE_MODULES = YES;
				CLANG_ENABLE_OBJC_ARC = YES;
				CLANG_ENABLE_OBJC_WEAK = YES;
				CLANG_WARN_BLOCK_CAPTURE_AUTORELEASING = YES;
				CLANG_WARN_BOOL_CONVERSION = YES;
				CLANG_WARN_COMMA = YES;
				CLANG_WARN_CONSTANT_CONVERSION = YES;
				CLANG_WARN_DEPRECATED_OBJC_IMPLEMENTATIONS = YES;
				CLANG_WARN_DIRECT_OBJC_ISA_USAGE = YES_ERROR;
				CLANG_WARN_DOCUMENTATION_COMMENTS = YES;
				CLANG_WARN_EMPTY_BODY = YES;
				CLANG_WARN_ENUM_CONVERSION = YES;
				CLANG_WARN_INFINITE_RECURSION = YES;
				CLANG_WARN_INT_CONVERSION = YES;
				CLANG_WARN_NON_LITERAL_NULL_CONVERSION = YES;
				CLANG_WARN_OBJC_IMPLICIT_RETAIN_SELF = YES;
				CLANG_WARN_OBJC_LITERAL_CONVERSION = YES;
				CLANG_WARN_OBJC_ROOT_CLASS = YES_ERROR;
				CLANG_WARN_QUOTED_INCLUDE_IN_FRAMEWORK_HEADER = YES;
				CLANG_WARN_RANGE_LOOP_ANALYSIS = YES;
				CLANG_WARN_STRICT_PROTOTYPES = YES;
				CLANG_WARN_SUSPICIOUS_MOVE = YES;
				CLANG_WARN_UNGUARDED_AVAILABILITY = YES_AGGRESSIVE;
				CLANG_WARN_UNREACHABLE_CODE = YES;
				CLANG_WARN__DUPLICATE_METHOD_MATCH = YES;
				COPY_PHASE_STRIP = NO;
				DEBUG_INFORMATION_FORMAT = "dwarf-with-dsym";
				ENABLE_NS_ASSERTIONS = NO;
				ENABLE_STRICT_OBJC_MSGSEND = YES;
				ENABLE_USER_SCRIPT_SANDBOXING = YES;
				GCC_C_LANGUAGE_STANDARD = gnu17;
				GCC_NO_COMMON_BLOCKS = YES;
				GCC_WARN_64_TO_32_BIT_CONVERSION = YES;
				GCC_WARN_ABOUT_RETURN_TYPE = YES_ERROR;
				GCC_WARN_UNDECLARED_SELECTOR = YES;
				GCC_WARN_UNINITIALIZED_AUTOS = YES_AGGRESSIVE;
				GCC_WARN_UNUSED_FUNCTION = YES;
				GCC_WARN_UNUSED_VARIABLE = YES;
				IPHONEOS_DEPLOYMENT_TARGET = 18.0;
				LOCALIZATION_PREFERS_STRING_CATALOGS = YES;
				MTL_ENABLE_DEBUG_INFO = NO;
				MTL_FAST_MATH = YES;
				SDKROOT = iphoneos;
				SWIFT_COMPILATION_MODE = wholemodule;
				VALIDATE_PRODUCT = YES;
			};
			name = Release;
		};
		653C4AFB2D624764007FD0A2 /* Debug */ = {
			isa = XCBuildConfiguration;
			buildSettings = {
				ASSETCATALOG_COMPILER_APPICON_NAME = AppIcon;
				ASSETCATALOG_COMPILER_GLOBAL_ACCENT_COLOR_NAME = AccentColor;
				CODE_SIGN_STYLE = Automatic;
				CURRENT_PROJECT_VERSION = 1;
				DEVELOPMENT_ASSET_PATHS = "\"gabber-chat-ios/Preview Content\"";
				ENABLE_PREVIEWS = YES;
				GENERATE_INFOPLIST_FILE = YES;
				INFOPLIST_KEY_UIApplicationSceneManifest_Generation = YES;
				INFOPLIST_KEY_UIApplicationSupportsIndirectInputEvents = YES;
				INFOPLIST_KEY_UILaunchScreen_Generation = YES;
				INFOPLIST_KEY_UISupportedInterfaceOrientations_iPad = "UIInterfaceOrientationPortrait UIInterfaceOrientationPortraitUpsideDown UIInterfaceOrientationLandscapeLeft UIInterfaceOrientationLandscapeRight";
				INFOPLIST_KEY_UISupportedInterfaceOrientations_iPhone = "UIInterfaceOrientationPortrait UIInterfaceOrientationLandscapeLeft UIInterfaceOrientationLandscapeRight";
				LD_RUNPATH_SEARCH_PATHS = (
					"$(inherited)",
					"@executable_path/Frameworks",
				);
				MARKETING_VERSION = 1.0;
				PRODUCT_BUNDLE_IDENTIFIER = "com.thazm.gabber-chat-ios";
				PRODUCT_NAME = "$(TARGET_NAME)";
				SWIFT_EMIT_LOC_STRINGS = YES;
				SWIFT_VERSION = 5.0;
				TARGETED_DEVICE_FAMILY = "1,2";
			};
			name = Debug;
		};
		653C4AFC2D624764007FD0A2 /* Release */ = {
			isa = XCBuildConfiguration;
			buildSettings = {
				ASSETCATALOG_COMPILER_APPICON_NAME = AppIcon;
				ASSETCATALOG_COMPILER_GLOBAL_ACCENT_COLOR_NAME = AccentColor;
				CODE_SIGN_STYLE = Automatic;
				CURRENT_PROJECT_VERSION = 1;
				DEVELOPMENT_ASSET_PATHS = "\"gabber-chat-ios/Preview Content\"";
				ENABLE_PREVIEWS = YES;
				GENERATE_INFOPLIST_FILE = YES;
				INFOPLIST_KEY_UIApplicationSceneManifest_Generation = YES;
				INFOPLIST_KEY_UIApplicationSupportsIndirectInputEvents = YES;
				INFOPLIST_KEY_UILaunchScreen_Generation = YES;
				INFOPLIST_KEY_UISupportedInterfaceOrientations_iPad = "UIInterfaceOrientationPortrait UIInterfaceOrientationPortraitUpsideDown UIInterfaceOrientationLandscapeLeft UIInterfaceOrientationLandscapeRight";
				INFOPLIST_KEY_UISupportedInterfaceOrientations_iPhone = "UIInterfaceOrientationPortrait UIInterfaceOrientationLandscapeLeft UIInterfaceOrientationLandscapeRight";
				LD_RUNPATH_SEARCH_PATHS = (
					"$(inherited)",
					"@executable_path/Frameworks",
				);
				MARKETING_VERSION = 1.0;
				PRODUCT_BUNDLE_IDENTIFIER = "com.thazm.gabber-chat-ios";
				PRODUCT_NAME = "$(TARGET_NAME)";
				SWIFT_EMIT_LOC_STRINGS = YES;
				SWIFT_VERSION = 5.0;
				TARGETED_DEVICE_FAMILY = "1,2";
			};
			name = Release;
		};
		653C4AFE2D624764007FD0A2 /* Debug */ = {
			isa = XCBuildConfiguration;
			buildSettings = {
				BUNDLE_LOADER = "$(TEST_HOST)";
				CODE_SIGN_STYLE = Automatic;
				CURRENT_PROJECT_VERSION = 1;
				GENERATE_INFOPLIST_FILE = YES;
				IPHONEOS_DEPLOYMENT_TARGET = 18.0;
				MARKETING_VERSION = 1.0;
				PRODUCT_BUNDLE_IDENTIFIER = "com.thazm.gabber-chat-iosTests";
				PRODUCT_NAME = "$(TARGET_NAME)";
				SWIFT_EMIT_LOC_STRINGS = NO;
				SWIFT_VERSION = 5.0;
				TARGETED_DEVICE_FAMILY = "1,2";
				TEST_HOST = "$(BUILT_PRODUCTS_DIR)/gabber-chat-ios.app/$(BUNDLE_EXECUTABLE_FOLDER_PATH)/gabber-chat-ios";
			};
			name = Debug;
		};
		653C4AFF2D624764007FD0A2 /* Release */ = {
			isa = XCBuildConfiguration;
			buildSettings = {
				BUNDLE_LOADER = "$(TEST_HOST)";
				CODE_SIGN_STYLE = Automatic;
				CURRENT_PROJECT_VERSION = 1;
				GENERATE_INFOPLIST_FILE = YES;
				IPHONEOS_DEPLOYMENT_TARGET = 18.0;
				MARKETING_VERSION = 1.0;
				PRODUCT_BUNDLE_IDENTIFIER = "com.thazm.gabber-chat-iosTests";
				PRODUCT_NAME = "$(TARGET_NAME)";
				SWIFT_EMIT_LOC_STRINGS = NO;
				SWIFT_VERSION = 5.0;
				TARGETED_DEVICE_FAMILY = "1,2";
				TEST_HOST = "$(BUILT_PRODUCTS_DIR)/gabber-chat-ios.app/$(BUNDLE_EXECUTABLE_FOLDER_PATH)/gabber-chat-ios";
			};
			name = Release;
		};
		653C4B012D624764007FD0A2 /* Debug */ = {
			isa = XCBuildConfiguration;
			buildSettings = {
				CODE_SIGN_STYLE = Automatic;
				CURRENT_PROJECT_VERSION = 1;
				GENERATE_INFOPLIST_FILE = YES;
				MARKETING_VERSION = 1.0;
				PRODUCT_BUNDLE_IDENTIFIER = "com.thazm.gabber-chat-iosUITests";
				PRODUCT_NAME = "$(TARGET_NAME)";
				SWIFT_EMIT_LOC_STRINGS = NO;
				SWIFT_VERSION = 5.0;
				TARGETED_DEVICE_FAMILY = "1,2";
				TEST_TARGET_NAME = "gabber-chat-ios";
			};
			name = Debug;
		};
		653C4B022D624764007FD0A2 /* Release */ = {
			isa = XCBuildConfiguration;
			buildSettings = {
				CODE_SIGN_STYLE = Automatic;
				CURRENT_PROJECT_VERSION = 1;
				GENERATE_INFOPLIST_FILE = YES;
				MARKETING_VERSION = 1.0;
				PRODUCT_BUNDLE_IDENTIFIER = "com.thazm.gabber-chat-iosUITests";
				PRODUCT_NAME = "$(TARGET_NAME)";
				SWIFT_EMIT_LOC_STRINGS = NO;
				SWIFT_VERSION = 5.0;
				TARGETED_DEVICE_FAMILY = "1,2";
				TEST_TARGET_NAME = "gabber-chat-ios";
			};
			name = Release;
		};
/* End XCBuildConfiguration section */

/* Begin XCConfigurationList section */
		653C4AD12D624763007FD0A2 /* Build configuration list for PBXProject "gabber-chat-ios" */ = {
			isa = XCConfigurationList;
			buildConfigurations = (
				653C4AF82D624764007FD0A2 /* Debug */,
				653C4AF92D624764007FD0A2 /* Release */,
			);
			defaultConfigurationIsVisible = 0;
			defaultConfigurationName = Release;
		};
		653C4AFA2D624764007FD0A2 /* Build configuration list for PBXNativeTarget "gabber-chat-ios" */ = {
			isa = XCConfigurationList;
			buildConfigurations = (
				653C4AFB2D624764007FD0A2 /* Debug */,
				653C4AFC2D624764007FD0A2 /* Release */,
			);
			defaultConfigurationIsVisible = 0;
			defaultConfigurationName = Release;
		};
		653C4AFD2D624764007FD0A2 /* Build configuration list for PBXNativeTarget "gabber-chat-iosTests" */ = {
			isa = XCConfigurationList;
			buildConfigurations = (
				653C4AFE2D624764007FD0A2 /* Debug */,
				653C4AFF2D624764007FD0A2 /* Release */,
			);
			defaultConfigurationIsVisible = 0;
			defaultConfigurationName = Release;
		};
		653C4B002D624764007FD0A2 /* Build configuration list for PBXNativeTarget "gabber-chat-iosUITests" */ = {
			isa = XCConfigurationList;
			buildConfigurations = (
				653C4B012D624764007FD0A2 /* Debug */,
				653C4B022D624764007FD0A2 /* Release */,
			);
			defaultConfigurationIsVisible = 0;
			defaultConfigurationName = Release;
		};
/* End XCConfigurationList section */
	};
	rootObject = 653C4ACE2D624763007FD0A2 /* Project object */;
}
